
Microsoft Visual Studio Solution File, Format Version 12.00
# Visual Studio 15
VisualStudioVersion = 15.0.27004.2009
MinimumVisualStudioVersion = 10.0.40219.1
Project("{FAE04EC0-301F-11D3-BF4B-00C04F79EFBC}") = "Autofac.AspNetCore", "Autofac.AspNetCore\Autofac.AspNetCore.csproj", "{2AF2A850-C889-488F-ACEC-080D6878E6BA}"
EndProject
Global
	GlobalSection(SolutionConfigurationPlatforms) = preSolution
		Debug|Any CPU = Debug|Any CPU
		Release|Any CPU = Release|Any CPU
	EndGlobalSection
	GlobalSection(ProjectConfigurationPlatforms) = postSolution
		{2AF2A850-C889-488F-ACEC-080D6878E6BA}.Debug|Any CPU.ActiveCfg = Debug|Any CPU
		{2AF2A850-C889-488F-ACEC-080D6878E6BA}.Debug|Any CPU.Build.0 = Debug|Any CPU
		{2AF2A850-C889-488F-ACEC-080D6878E6BA}.Release|Any CPU.ActiveCfg = Release|Any CPU
		{2AF2A850-C889-488F-ACEC-080D6878E6BA}.Release|Any CPU.Build.0 = Release|Any CPU
	EndGlobalSection
	GlobalSection(SolutionProperties) = preSolution
		HideSolutionNode = FALSE
	EndGlobalSection
	GlobalSection(ExtensibilityGlobals) = postSolution
		SolutionGuid = {8E29F2DD-3744-4F74-A944-8B804C447ECB}
	EndGlobalSection
EndGlobal
