
Microsoft Visual Studio Solution File, Format Version 12.00
# Visual Studio Version 16
VisualStudioVersion = 16.0.29209.152
MinimumVisualStudioVersion = 10.0.40219.1
Project("{2150E333-8FDC-42A3-9474-1A3956D46DE8}") = "Essentials", "Essentials", "{D591E8EF-C2E4-4556-A805-F026435A84A4}"
EndProject
Project("{2150E333-8FDC-42A3-9474-1A3956D46DE8}") = "Containers", "Containers", "{DF98BB0F-26D1-4B82-B2A8-3359298A3B84}"
EndProject
Project("{2150E333-8FDC-42A3-9474-1A3956D46DE8}") = "Usage Scenarios", "Usage Scenarios", "{DA8AB865-451B-401C-BC55-E6085E3F1DA3}"
EndProject
Project("{FAE04EC0-301F-11D3-BF4B-00C04F79EFBC}") = "DI.Coupled", "DI.Coupled\DI.Coupled.csproj", "{883BDDD5-F2E4-4509-8BD6-C4FD38A70D46}"
EndProject
Project("{FAE04EC0-301F-11D3-BF4B-00C04F79EFBC}") = "DI.Abstraction", "DI.Abstraction\DI.Abstraction.csproj", "{585206F6-CCB5-49E0-B127-9DEB026BE683}"
EndProject
Project("{FAE04EC0-301F-11D3-BF4B-00C04F79EFBC}") = "DI.PoorMansContainer", "DI.PoorMansContainer\DI.PoorMansContainer.csproj", "{D07007A3-F02B-40B4-A7DB-45EF82BED769}"
EndProject
Project("{FAE04EC0-301F-11D3-BF4B-00C04F79EFBC}") = "DI.Unity", "DI.Unity\DI.Unity.csproj", "{C9A148EB-22A6-4674-829F-22AC05620A87}"
EndProject
Project("{FAE04EC0-301F-11D3-BF4B-00C04F79EFBC}") = "DI.NInject", "DI.NInject\DI.NInject.csproj", "{73B8B734-7B51-455C-B85C-4F6A4839B9C2}"
EndProject
Project("{FAE04EC0-301F-11D3-BF4B-00C04F79EFBC}") = "DI.CastleWindsor", "DI.CastleWindsor\DI.CastleWindsor.csproj", "{01063AE6-5169-4A18-9F1D-D639D8B4953F}"
EndProject
Project("{FAE04EC0-301F-11D3-BF4B-00C04F79EFBC}") = "DI.StructureMap", "DI.StructureMap\DI.StructureMap.csproj", "{82059E13-6700-48EF-9B2F-7688E4526376}"
EndProject
Project("{FAE04EC0-301F-11D3-BF4B-00C04F79EFBC}") = "DI.UnitTests", "DI.UnitTests\DI.UnitTests.csproj", "{63F3A2BE-8DE3-48FD-A92B-BCF3F1F41E74}"
EndProject
Project("{FAE04EC0-301F-11D3-BF4B-00C04F79EFBC}") = "DI.Autofac", "DI.Autofac\DI.Autofac.csproj", "{6C2BBA85-278D-45C2-83EE-8AB9AFF222FD}"
EndProject
Project("{2150E333-8FDC-42A3-9474-1A3956D46DE8}") = "Autofac", "Autofac", "{3FDBB0F7-CA8F-42A3-8270-0C1585F5CCC9}"
EndProject
Project("{FAE04EC0-301F-11D3-BF4B-00C04F79EFBC}") = "DI.Autofac.WPF", "DI.Autofac.WPF\DI.Autofac.WPF.csproj", "{A887DDAB-C962-4647-B213-F7EF553A4FB8}"
EndProject
Project("{FAE04EC0-301F-11D3-BF4B-00C04F79EFBC}") = "DI.Autofac.WCF", "DI.Autofac.WCF\DI.Autofac.WCF.csproj", "{3874EF7D-F312-45F0-BDC9-6E83DA899EB7}"
EndProject
Project("{FAE04EC0-301F-11D3-BF4B-00C04F79EFBC}") = "DI.Autofac.AspNetMVC", "DI.Autofac.AspNetMVC\DI.Autofac.AspNetMVC.csproj", "{73BCE847-50ED-4DC0-99A1-D79B07FCCC0D}"
EndProject
Project("{2150E333-8FDC-42A3-9474-1A3956D46DE8}") = "Service locators", "Service locators", "{A3080704-364B-40FC-AF6B-298F4F87DDED}"
EndProject
Project("{FAE04EC0-301F-11D3-BF4B-00C04F79EFBC}") = "Locator.Simple", "Locator.Simple\Locator.Simple.csproj", "{5406AB51-57C7-413F-B951-7A0FB539F6C8}"
EndProject
Project("{FAE04EC0-301F-11D3-BF4B-00C04F79EFBC}") = "Locator.Ninject", "Locator.Ninject\Locator.Ninject.csproj", "{224E2AE9-7724-4D03-92A1-B057A8DCFDA3}"
EndProject
Project("{2150E333-8FDC-42A3-9474-1A3956D46DE8}") = "Factory pattern", "Factory pattern", "{03A8B0C7-F008-46BC-BFF6-C00AF4389087}"
EndProject
Project("{FAE04EC0-301F-11D3-BF4B-00C04F79EFBC}") = "FactoryPattern.Tests", "FactoryPattern.Tests\FactoryPattern.Tests.csproj", "{A3940724-BA4C-4F12-BB5C-0470534C58EC}"
EndProject
Project("{FAE04EC0-301F-11D3-BF4B-00C04F79EFBC}") = "FactoryPattern", "FactoryPattern\FactoryPattern.csproj", "{90B6A308-BCA9-4E55-AE9D-0B157BBDF0E9}"
EndProject
Project("{FAE04EC0-301F-11D3-BF4B-00C04F79EFBC}") = "DI.Core", "DI.Core\DI.Core.csproj", "{E9292993-8903-485E-8429-73E3A8A095C2}"
EndProject
Project("{FAE04EC0-301F-11D3-BF4B-00C04F79EFBC}") = "DI.Core.StructureMap", "DI.Core.StructureMap\DI.Core.StructureMap.csproj", "{63EBF2DE-27FE-4928-B8E6-DCF70AF7690D}"
EndProject
Global
	GlobalSection(SolutionConfigurationPlatforms) = preSolution
		Debug|Any CPU = Debug|Any CPU
		Debug|Mixed Platforms = Debug|Mixed Platforms
		Debug|x86 = Debug|x86
		Release|Any CPU = Release|Any CPU
		Release|Mixed Platforms = Release|Mixed Platforms
		Release|x86 = Release|x86
	EndGlobalSection
	GlobalSection(ProjectConfigurationPlatforms) = postSolution
		{883BDDD5-F2E4-4509-8BD6-C4FD38A70D46}.Debug|Any CPU.ActiveCfg = Debug|x86
		{883BDDD5-F2E4-4509-8BD6-C4FD38A70D46}.Debug|Mixed Platforms.ActiveCfg = Debug|x86
		{883BDDD5-F2E4-4509-8BD6-C4FD38A70D46}.Debug|Mixed Platforms.Build.0 = Debug|x86
		{883BDDD5-F2E4-4509-8BD6-C4FD38A70D46}.Debug|x86.ActiveCfg = Debug|x86
		{883BDDD5-F2E4-4509-8BD6-C4FD38A70D46}.Debug|x86.Build.0 = Debug|x86
		{883BDDD5-F2E4-4509-8BD6-C4FD38A70D46}.Release|Any CPU.ActiveCfg = Release|x86
		{883BDDD5-F2E4-4509-8BD6-C4FD38A70D46}.Release|Mixed Platforms.ActiveCfg = Release|x86
		{883BDDD5-F2E4-4509-8BD6-C4FD38A70D46}.Release|Mixed Platforms.Build.0 = Release|x86
		{883BDDD5-F2E4-4509-8BD6-C4FD38A70D46}.Release|x86.ActiveCfg = Release|x86
		{883BDDD5-F2E4-4509-8BD6-C4FD38A70D46}.Release|x86.Build.0 = Release|x86
		{585206F6-CCB5-49E0-B127-9DEB026BE683}.Debug|Any CPU.ActiveCfg = Debug|x86
		{585206F6-CCB5-49E0-B127-9DEB026BE683}.Debug|Mixed Platforms.ActiveCfg = Debug|x86
		{585206F6-CCB5-49E0-B127-9DEB026BE683}.Debug|Mixed Platforms.Build.0 = Debug|x86
		{585206F6-CCB5-49E0-B127-9DEB026BE683}.Debug|x86.ActiveCfg = Debug|x86
		{585206F6-CCB5-49E0-B127-9DEB026BE683}.Debug|x86.Build.0 = Debug|x86
		{585206F6-CCB5-49E0-B127-9DEB026BE683}.Release|Any CPU.ActiveCfg = Release|x86
		{585206F6-CCB5-49E0-B127-9DEB026BE683}.Release|Mixed Platforms.ActiveCfg = Release|x86
		{585206F6-CCB5-49E0-B127-9DEB026BE683}.Release|Mixed Platforms.Build.0 = Release|x86
		{585206F6-CCB5-49E0-B127-9DEB026BE683}.Release|x86.ActiveCfg = Release|x86
		{585206F6-CCB5-49E0-B127-9DEB026BE683}.Release|x86.Build.0 = Release|x86
		{D07007A3-F02B-40B4-A7DB-45EF82BED769}.Debug|Any CPU.ActiveCfg = Debug|x86
		{D07007A3-F02B-40B4-A7DB-45EF82BED769}.Debug|Mixed Platforms.ActiveCfg = Debug|x86
		{D07007A3-F02B-40B4-A7DB-45EF82BED769}.Debug|Mixed Platforms.Build.0 = Debug|x86
		{D07007A3-F02B-40B4-A7DB-45EF82BED769}.Debug|x86.ActiveCfg = Debug|x86
		{D07007A3-F02B-40B4-A7DB-45EF82BED769}.Debug|x86.Build.0 = Debug|x86
		{D07007A3-F02B-40B4-A7DB-45EF82BED769}.Release|Any CPU.ActiveCfg = Release|x86
		{D07007A3-F02B-40B4-A7DB-45EF82BED769}.Release|Mixed Platforms.ActiveCfg = Release|x86
		{D07007A3-F02B-40B4-A7DB-45EF82BED769}.Release|Mixed Platforms.Build.0 = Release|x86
		{D07007A3-F02B-40B4-A7DB-45EF82BED769}.Release|x86.ActiveCfg = Release|x86
		{D07007A3-F02B-40B4-A7DB-45EF82BED769}.Release|x86.Build.0 = Release|x86
		{C9A148EB-22A6-4674-829F-22AC05620A87}.Debug|Any CPU.ActiveCfg = Debug|x86
		{C9A148EB-22A6-4674-829F-22AC05620A87}.Debug|Mixed Platforms.ActiveCfg = Debug|x86
		{C9A148EB-22A6-4674-829F-22AC05620A87}.Debug|Mixed Platforms.Build.0 = Debug|x86
		{C9A148EB-22A6-4674-829F-22AC05620A87}.Debug|x86.ActiveCfg = Debug|x86
		{C9A148EB-22A6-4674-829F-22AC05620A87}.Debug|x86.Build.0 = Debug|x86
		{C9A148EB-22A6-4674-829F-22AC05620A87}.Release|Any CPU.ActiveCfg = Release|x86
		{C9A148EB-22A6-4674-829F-22AC05620A87}.Release|Mixed Platforms.ActiveCfg = Release|x86
		{C9A148EB-22A6-4674-829F-22AC05620A87}.Release|Mixed Platforms.Build.0 = Release|x86
		{C9A148EB-22A6-4674-829F-22AC05620A87}.Release|x86.ActiveCfg = Release|x86
		{C9A148EB-22A6-4674-829F-22AC05620A87}.Release|x86.Build.0 = Release|x86
		{73B8B734-7B51-455C-B85C-4F6A4839B9C2}.Debug|Any CPU.ActiveCfg = Debug|x86
		{73B8B734-7B51-455C-B85C-4F6A4839B9C2}.Debug|Mixed Platforms.ActiveCfg = Debug|x86
		{73B8B734-7B51-455C-B85C-4F6A4839B9C2}.Debug|Mixed Platforms.Build.0 = Debug|x86
		{73B8B734-7B51-455C-B85C-4F6A4839B9C2}.Debug|x86.ActiveCfg = Debug|x86
		{73B8B734-7B51-455C-B85C-4F6A4839B9C2}.Debug|x86.Build.0 = Debug|x86
		{73B8B734-7B51-455C-B85C-4F6A4839B9C2}.Release|Any CPU.ActiveCfg = Release|x86
		{73B8B734-7B51-455C-B85C-4F6A4839B9C2}.Release|Mixed Platforms.ActiveCfg = Release|x86
		{73B8B734-7B51-455C-B85C-4F6A4839B9C2}.Release|Mixed Platforms.Build.0 = Release|x86
		{73B8B734-7B51-455C-B85C-4F6A4839B9C2}.Release|x86.ActiveCfg = Release|x86
		{73B8B734-7B51-455C-B85C-4F6A4839B9C2}.Release|x86.Build.0 = Release|x86
		{01063AE6-5169-4A18-9F1D-D639D8B4953F}.Debug|Any CPU.ActiveCfg = Debug|x86
		{01063AE6-5169-4A18-9F1D-D639D8B4953F}.Debug|Mixed Platforms.ActiveCfg = Debug|x86
		{01063AE6-5169-4A18-9F1D-D639D8B4953F}.Debug|Mixed Platforms.Build.0 = Debug|x86
		{01063AE6-5169-4A18-9F1D-D639D8B4953F}.Debug|x86.ActiveCfg = Debug|x86
		{01063AE6-5169-4A18-9F1D-D639D8B4953F}.Debug|x86.Build.0 = Debug|x86
		{01063AE6-5169-4A18-9F1D-D639D8B4953F}.Release|Any CPU.ActiveCfg = Release|x86
		{01063AE6-5169-4A18-9F1D-D639D8B4953F}.Release|Mixed Platforms.ActiveCfg = Release|x86
		{01063AE6-5169-4A18-9F1D-D639D8B4953F}.Release|Mixed Platforms.Build.0 = Release|x86
		{01063AE6-5169-4A18-9F1D-D639D8B4953F}.Release|x86.ActiveCfg = Release|x86
		{01063AE6-5169-4A18-9F1D-D639D8B4953F}.Release|x86.Build.0 = Release|x86
		{82059E13-6700-48EF-9B2F-7688E4526376}.Debug|Any CPU.ActiveCfg = Debug|x86
		{82059E13-6700-48EF-9B2F-7688E4526376}.Debug|Mixed Platforms.ActiveCfg = Debug|x86
		{82059E13-6700-48EF-9B2F-7688E4526376}.Debug|Mixed Platforms.Build.0 = Debug|x86
		{82059E13-6700-48EF-9B2F-7688E4526376}.Debug|x86.ActiveCfg = Debug|x86
		{82059E13-6700-48EF-9B2F-7688E4526376}.Debug|x86.Build.0 = Debug|x86
		{82059E13-6700-48EF-9B2F-7688E4526376}.Release|Any CPU.ActiveCfg = Release|x86
		{82059E13-6700-48EF-9B2F-7688E4526376}.Release|Mixed Platforms.ActiveCfg = Release|x86
		{82059E13-6700-48EF-9B2F-7688E4526376}.Release|Mixed Platforms.Build.0 = Release|x86
		{82059E13-6700-48EF-9B2F-7688E4526376}.Release|x86.ActiveCfg = Release|x86
		{82059E13-6700-48EF-9B2F-7688E4526376}.Release|x86.Build.0 = Release|x86
		{63F3A2BE-8DE3-48FD-A92B-BCF3F1F41E74}.Debug|Any CPU.ActiveCfg = Debug|Any CPU
		{63F3A2BE-8DE3-48FD-A92B-BCF3F1F41E74}.Debug|Any CPU.Build.0 = Debug|Any CPU
		{63F3A2BE-8DE3-48FD-A92B-BCF3F1F41E74}.Debug|Mixed Platforms.ActiveCfg = Debug|Any CPU
		{63F3A2BE-8DE3-48FD-A92B-BCF3F1F41E74}.Debug|Mixed Platforms.Build.0 = Debug|Any CPU
		{63F3A2BE-8DE3-48FD-A92B-BCF3F1F41E74}.Debug|x86.ActiveCfg = Debug|Any CPU
		{63F3A2BE-8DE3-48FD-A92B-BCF3F1F41E74}.Release|Any CPU.ActiveCfg = Release|Any CPU
		{63F3A2BE-8DE3-48FD-A92B-BCF3F1F41E74}.Release|Any CPU.Build.0 = Release|Any CPU
		{63F3A2BE-8DE3-48FD-A92B-BCF3F1F41E74}.Release|Mixed Platforms.ActiveCfg = Release|Any CPU
		{63F3A2BE-8DE3-48FD-A92B-BCF3F1F41E74}.Release|Mixed Platforms.Build.0 = Release|Any CPU
		{63F3A2BE-8DE3-48FD-A92B-BCF3F1F41E74}.Release|x86.ActiveCfg = Release|Any CPU
		{6C2BBA85-278D-45C2-83EE-8AB9AFF222FD}.Debug|Any CPU.ActiveCfg = Debug|Any CPU
		{6C2BBA85-278D-45C2-83EE-8AB9AFF222FD}.Debug|Any CPU.Build.0 = Debug|Any CPU
		{6C2BBA85-278D-45C2-83EE-8AB9AFF222FD}.Debug|Mixed Platforms.ActiveCfg = Debug|Any CPU
		{6C2BBA85-278D-45C2-83EE-8AB9AFF222FD}.Debug|Mixed Platforms.Build.0 = Debug|Any CPU
		{6C2BBA85-278D-45C2-83EE-8AB9AFF222FD}.Debug|x86.ActiveCfg = Debug|Any CPU
		{6C2BBA85-278D-45C2-83EE-8AB9AFF222FD}.Release|Any CPU.ActiveCfg = Release|Any CPU
		{6C2BBA85-278D-45C2-83EE-8AB9AFF222FD}.Release|Any CPU.Build.0 = Release|Any CPU
		{6C2BBA85-278D-45C2-83EE-8AB9AFF222FD}.Release|Mixed Platforms.ActiveCfg = Release|Any CPU
		{6C2BBA85-278D-45C2-83EE-8AB9AFF222FD}.Release|Mixed Platforms.Build.0 = Release|Any CPU
		{6C2BBA85-278D-45C2-83EE-8AB9AFF222FD}.Release|x86.ActiveCfg = Release|Any CPU
		{A887DDAB-C962-4647-B213-F7EF553A4FB8}.Debug|Any CPU.ActiveCfg = Debug|x86
		{A887DDAB-C962-4647-B213-F7EF553A4FB8}.Debug|Mixed Platforms.ActiveCfg = Debug|x86
		{A887DDAB-C962-4647-B213-F7EF553A4FB8}.Debug|Mixed Platforms.Build.0 = Debug|x86
		{A887DDAB-C962-4647-B213-F7EF553A4FB8}.Debug|x86.ActiveCfg = Debug|x86
		{A887DDAB-C962-4647-B213-F7EF553A4FB8}.Debug|x86.Build.0 = Debug|x86
		{A887DDAB-C962-4647-B213-F7EF553A4FB8}.Release|Any CPU.ActiveCfg = Release|x86
		{A887DDAB-C962-4647-B213-F7EF553A4FB8}.Release|Mixed Platforms.ActiveCfg = Release|x86
		{A887DDAB-C962-4647-B213-F7EF553A4FB8}.Release|Mixed Platforms.Build.0 = Release|x86
		{A887DDAB-C962-4647-B213-F7EF553A4FB8}.Release|x86.ActiveCfg = Release|x86
		{A887DDAB-C962-4647-B213-F7EF553A4FB8}.Release|x86.Build.0 = Release|x86
		{3874EF7D-F312-45F0-BDC9-6E83DA899EB7}.Debug|Any CPU.ActiveCfg = Debug|Any CPU
		{3874EF7D-F312-45F0-BDC9-6E83DA899EB7}.Debug|Any CPU.Build.0 = Debug|Any CPU
		{3874EF7D-F312-45F0-BDC9-6E83DA899EB7}.Debug|Mixed Platforms.ActiveCfg = Debug|Any CPU
		{3874EF7D-F312-45F0-BDC9-6E83DA899EB7}.Debug|Mixed Platforms.Build.0 = Debug|Any CPU
		{3874EF7D-F312-45F0-BDC9-6E83DA899EB7}.Debug|x86.ActiveCfg = Debug|Any CPU
		{3874EF7D-F312-45F0-BDC9-6E83DA899EB7}.Release|Any CPU.ActiveCfg = Release|Any CPU
		{3874EF7D-F312-45F0-BDC9-6E83DA899EB7}.Release|Any CPU.Build.0 = Release|Any CPU
		{3874EF7D-F312-45F0-BDC9-6E83DA899EB7}.Release|Mixed Platforms.ActiveCfg = Release|Any CPU
		{3874EF7D-F312-45F0-BDC9-6E83DA899EB7}.Release|Mixed Platforms.Build.0 = Release|Any CPU
		{3874EF7D-F312-45F0-BDC9-6E83DA899EB7}.Release|x86.ActiveCfg = Release|Any CPU
		{73BCE847-50ED-4DC0-99A1-D79B07FCCC0D}.Debug|Any CPU.ActiveCfg = Debug|Any CPU
		{73BCE847-50ED-4DC0-99A1-D79B07FCCC0D}.Debug|Any CPU.Build.0 = Debug|Any CPU
		{73BCE847-50ED-4DC0-99A1-D79B07FCCC0D}.Debug|Mixed Platforms.ActiveCfg = Debug|Any CPU
		{73BCE847-50ED-4DC0-99A1-D79B07FCCC0D}.Debug|Mixed Platforms.Build.0 = Debug|Any CPU
		{73BCE847-50ED-4DC0-99A1-D79B07FCCC0D}.Debug|x86.ActiveCfg = Debug|Any CPU
		{73BCE847-50ED-4DC0-99A1-D79B07FCCC0D}.Debug|x86.Build.0 = Debug|Any CPU
		{73BCE847-50ED-4DC0-99A1-D79B07FCCC0D}.Release|Any CPU.ActiveCfg = Release|Any CPU
		{73BCE847-50ED-4DC0-99A1-D79B07FCCC0D}.Release|Any CPU.Build.0 = Release|Any CPU
		{73BCE847-50ED-4DC0-99A1-D79B07FCCC0D}.Release|Mixed Platforms.ActiveCfg = Release|Any CPU
		{73BCE847-50ED-4DC0-99A1-D79B07FCCC0D}.Release|Mixed Platforms.Build.0 = Release|Any CPU
		{73BCE847-50ED-4DC0-99A1-D79B07FCCC0D}.Release|x86.ActiveCfg = Release|Any CPU
		{73BCE847-50ED-4DC0-99A1-D79B07FCCC0D}.Release|x86.Build.0 = Release|Any CPU
		{5406AB51-57C7-413F-B951-7A0FB539F6C8}.Debug|Any CPU.ActiveCfg = Debug|Any CPU
		{5406AB51-57C7-413F-B951-7A0FB539F6C8}.Debug|Any CPU.Build.0 = Debug|Any CPU
		{5406AB51-57C7-413F-B951-7A0FB539F6C8}.Debug|Mixed Platforms.ActiveCfg = Debug|Any CPU
		{5406AB51-57C7-413F-B951-7A0FB539F6C8}.Debug|Mixed Platforms.Build.0 = Debug|Any CPU
		{5406AB51-57C7-413F-B951-7A0FB539F6C8}.Debug|x86.ActiveCfg = Debug|Any CPU
		{5406AB51-57C7-413F-B951-7A0FB539F6C8}.Debug|x86.Build.0 = Debug|Any CPU
		{5406AB51-57C7-413F-B951-7A0FB539F6C8}.Release|Any CPU.ActiveCfg = Release|Any CPU
		{5406AB51-57C7-413F-B951-7A0FB539F6C8}.Release|Any CPU.Build.0 = Release|Any CPU
		{5406AB51-57C7-413F-B951-7A0FB539F6C8}.Release|Mixed Platforms.ActiveCfg = Release|Any CPU
		{5406AB51-57C7-413F-B951-7A0FB539F6C8}.Release|Mixed Platforms.Build.0 = Release|Any CPU
		{5406AB51-57C7-413F-B951-7A0FB539F6C8}.Release|x86.ActiveCfg = Release|Any CPU
		{5406AB51-57C7-413F-B951-7A0FB539F6C8}.Release|x86.Build.0 = Release|Any CPU
		{224E2AE9-7724-4D03-92A1-B057A8DCFDA3}.Debug|Any CPU.ActiveCfg = Debug|Any CPU
		{224E2AE9-7724-4D03-92A1-B057A8DCFDA3}.Debug|Any CPU.Build.0 = Debug|Any CPU
		{224E2AE9-7724-4D03-92A1-B057A8DCFDA3}.Debug|Mixed Platforms.ActiveCfg = Debug|Any CPU
		{224E2AE9-7724-4D03-92A1-B057A8DCFDA3}.Debug|Mixed Platforms.Build.0 = Debug|Any CPU
		{224E2AE9-7724-4D03-92A1-B057A8DCFDA3}.Debug|x86.ActiveCfg = Debug|Any CPU
		{224E2AE9-7724-4D03-92A1-B057A8DCFDA3}.Debug|x86.Build.0 = Debug|Any CPU
		{224E2AE9-7724-4D03-92A1-B057A8DCFDA3}.Release|Any CPU.ActiveCfg = Release|Any CPU
		{224E2AE9-7724-4D03-92A1-B057A8DCFDA3}.Release|Any CPU.Build.0 = Release|Any CPU
		{224E2AE9-7724-4D03-92A1-B057A8DCFDA3}.Release|Mixed Platforms.ActiveCfg = Release|Any CPU
		{224E2AE9-7724-4D03-92A1-B057A8DCFDA3}.Release|Mixed Platforms.Build.0 = Release|Any CPU
		{224E2AE9-7724-4D03-92A1-B057A8DCFDA3}.Release|x86.ActiveCfg = Release|Any CPU
		{224E2AE9-7724-4D03-92A1-B057A8DCFDA3}.Release|x86.Build.0 = Release|Any CPU
		{A3940724-BA4C-4F12-BB5C-0470534C58EC}.Debug|Any CPU.ActiveCfg = Debug|Any CPU
		{A3940724-BA4C-4F12-BB5C-0470534C58EC}.Debug|Any CPU.Build.0 = Debug|Any CPU
		{A3940724-BA4C-4F12-BB5C-0470534C58EC}.Debug|Mixed Platforms.ActiveCfg = Debug|Any CPU
		{A3940724-BA4C-4F12-BB5C-0470534C58EC}.Debug|Mixed Platforms.Build.0 = Debug|Any CPU
		{A3940724-BA4C-4F12-BB5C-0470534C58EC}.Debug|x86.ActiveCfg = Debug|Any CPU
		{A3940724-BA4C-4F12-BB5C-0470534C58EC}.Debug|x86.Build.0 = Debug|Any CPU
		{A3940724-BA4C-4F12-BB5C-0470534C58EC}.Release|Any CPU.ActiveCfg = Release|Any CPU
		{A3940724-BA4C-4F12-BB5C-0470534C58EC}.Release|Any CPU.Build.0 = Release|Any CPU
		{A3940724-BA4C-4F12-BB5C-0470534C58EC}.Release|Mixed Platforms.ActiveCfg = Release|Any CPU
		{A3940724-BA4C-4F12-BB5C-0470534C58EC}.Release|Mixed Platforms.Build.0 = Release|Any CPU
		{A3940724-BA4C-4F12-BB5C-0470534C58EC}.Release|x86.ActiveCfg = Release|Any CPU
		{A3940724-BA4C-4F12-BB5C-0470534C58EC}.Release|x86.Build.0 = Release|Any CPU
		{90B6A308-BCA9-4E55-AE9D-0B157BBDF0E9}.Debug|Any CPU.ActiveCfg = Debug|Any CPU
		{90B6A308-BCA9-4E55-AE9D-0B157BBDF0E9}.Debug|Any CPU.Build.0 = Debug|Any CPU
		{90B6A308-BCA9-4E55-AE9D-0B157BBDF0E9}.Debug|Mixed Platforms.ActiveCfg = Debug|Any CPU
		{90B6A308-BCA9-4E55-AE9D-0B157BBDF0E9}.Debug|Mixed Platforms.Build.0 = Debug|Any CPU
		{90B6A308-BCA9-4E55-AE9D-0B157BBDF0E9}.Debug|x86.ActiveCfg = Debug|Any CPU
		{90B6A308-BCA9-4E55-AE9D-0B157BBDF0E9}.Debug|x86.Build.0 = Debug|Any CPU
		{90B6A308-BCA9-4E55-AE9D-0B157BBDF0E9}.Release|Any CPU.ActiveCfg = Release|Any CPU
		{90B6A308-BCA9-4E55-AE9D-0B157BBDF0E9}.Release|Any CPU.Build.0 = Release|Any CPU
		{90B6A308-BCA9-4E55-AE9D-0B157BBDF0E9}.Release|Mixed Platforms.ActiveCfg = Release|Any CPU
		{90B6A308-BCA9-4E55-AE9D-0B157BBDF0E9}.Release|Mixed Platforms.Build.0 = Release|Any CPU
		{90B6A308-BCA9-4E55-AE9D-0B157BBDF0E9}.Release|x86.ActiveCfg = Release|Any CPU
		{90B6A308-BCA9-4E55-AE9D-0B157BBDF0E9}.Release|x86.Build.0 = Release|Any CPU
		{E9292993-8903-485E-8429-73E3A8A095C2}.Debug|Any CPU.ActiveCfg = Debug|Any CPU
		{E9292993-8903-485E-8429-73E3A8A095C2}.Debug|Any CPU.Build.0 = Debug|Any CPU
		{E9292993-8903-485E-8429-73E3A8A095C2}.Debug|Mixed Platforms.ActiveCfg = Debug|Any CPU
		{E9292993-8903-485E-8429-73E3A8A095C2}.Debug|Mixed Platforms.Build.0 = Debug|Any CPU
		{E9292993-8903-485E-8429-73E3A8A095C2}.Debug|x86.ActiveCfg = Debug|Any CPU
		{E9292993-8903-485E-8429-73E3A8A095C2}.Debug|x86.Build.0 = Debug|Any CPU
		{E9292993-8903-485E-8429-73E3A8A095C2}.Release|Any CPU.ActiveCfg = Release|Any CPU
		{E9292993-8903-485E-8429-73E3A8A095C2}.Release|Any CPU.Build.0 = Release|Any CPU
		{E9292993-8903-485E-8429-73E3A8A095C2}.Release|Mixed Platforms.ActiveCfg = Release|Any CPU
		{E9292993-8903-485E-8429-73E3A8A095C2}.Release|Mixed Platforms.Build.0 = Release|Any CPU
		{E9292993-8903-485E-8429-73E3A8A095C2}.Release|x86.ActiveCfg = Release|Any CPU
		{E9292993-8903-485E-8429-73E3A8A095C2}.Release|x86.Build.0 = Release|Any CPU
		{63EBF2DE-27FE-4928-B8E6-DCF70AF7690D}.Debug|Any CPU.ActiveCfg = Debug|Any CPU
		{63EBF2DE-27FE-4928-B8E6-DCF70AF7690D}.Debug|Any CPU.Build.0 = Debug|Any CPU
		{63EBF2DE-27FE-4928-B8E6-DCF70AF7690D}.Debug|Mixed Platforms.ActiveCfg = Debug|Any CPU
		{63EBF2DE-27FE-4928-B8E6-DCF70AF7690D}.Debug|Mixed Platforms.Build.0 = Debug|Any CPU
		{63EBF2DE-27FE-4928-B8E6-DCF70AF7690D}.Debug|x86.ActiveCfg = Debug|Any CPU
		{63EBF2DE-27FE-4928-B8E6-DCF70AF7690D}.Debug|x86.Build.0 = Debug|Any CPU
		{63EBF2DE-27FE-4928-B8E6-DCF70AF7690D}.Release|Any CPU.ActiveCfg = Release|Any CPU
		{63EBF2DE-27FE-4928-B8E6-DCF70AF7690D}.Release|Any CPU.Build.0 = Release|Any CPU
		{63EBF2DE-27FE-4928-B8E6-DCF70AF7690D}.Release|Mixed Platforms.ActiveCfg = Release|Any CPU
		{63EBF2DE-27FE-4928-B8E6-DCF70AF7690D}.Release|Mixed Platforms.Build.0 = Release|Any CPU
		{63EBF2DE-27FE-4928-B8E6-DCF70AF7690D}.Release|x86.ActiveCfg = Release|Any CPU
		{63EBF2DE-27FE-4928-B8E6-DCF70AF7690D}.Release|x86.Build.0 = Release|Any CPU
	EndGlobalSection
	GlobalSection(SolutionProperties) = preSolution
		HideSolutionNode = FALSE
	EndGlobalSection
	GlobalSection(NestedProjects) = preSolution
		{883BDDD5-F2E4-4509-8BD6-C4FD38A70D46} = {D591E8EF-C2E4-4556-A805-F026435A84A4}
		{585206F6-CCB5-49E0-B127-9DEB026BE683} = {D591E8EF-C2E4-4556-A805-F026435A84A4}
		{D07007A3-F02B-40B4-A7DB-45EF82BED769} = {D591E8EF-C2E4-4556-A805-F026435A84A4}
		{C9A148EB-22A6-4674-829F-22AC05620A87} = {DF98BB0F-26D1-4B82-B2A8-3359298A3B84}
		{73B8B734-7B51-455C-B85C-4F6A4839B9C2} = {DF98BB0F-26D1-4B82-B2A8-3359298A3B84}
		{01063AE6-5169-4A18-9F1D-D639D8B4953F} = {DF98BB0F-26D1-4B82-B2A8-3359298A3B84}
		{82059E13-6700-48EF-9B2F-7688E4526376} = {DF98BB0F-26D1-4B82-B2A8-3359298A3B84}
		{63F3A2BE-8DE3-48FD-A92B-BCF3F1F41E74} = {D591E8EF-C2E4-4556-A805-F026435A84A4}
		{6C2BBA85-278D-45C2-83EE-8AB9AFF222FD} = {DF98BB0F-26D1-4B82-B2A8-3359298A3B84}
		{3FDBB0F7-CA8F-42A3-8270-0C1585F5CCC9} = {DA8AB865-451B-401C-BC55-E6085E3F1DA3}
		{A887DDAB-C962-4647-B213-F7EF553A4FB8} = {3FDBB0F7-CA8F-42A3-8270-0C1585F5CCC9}
		{3874EF7D-F312-45F0-BDC9-6E83DA899EB7} = {3FDBB0F7-CA8F-42A3-8270-0C1585F5CCC9}
		{73BCE847-50ED-4DC0-99A1-D79B07FCCC0D} = {3FDBB0F7-CA8F-42A3-8270-0C1585F5CCC9}
		{5406AB51-57C7-413F-B951-7A0FB539F6C8} = {A3080704-364B-40FC-AF6B-298F4F87DDED}
		{224E2AE9-7724-4D03-92A1-B057A8DCFDA3} = {A3080704-364B-40FC-AF6B-298F4F87DDED}
		{A3940724-BA4C-4F12-BB5C-0470534C58EC} = {03A8B0C7-F008-46BC-BFF6-C00AF4389087}
		{90B6A308-BCA9-4E55-AE9D-0B157BBDF0E9} = {03A8B0C7-F008-46BC-BFF6-C00AF4389087}
		{E9292993-8903-485E-8429-73E3A8A095C2} = {DF98BB0F-26D1-4B82-B2A8-3359298A3B84}
		{63EBF2DE-27FE-4928-B8E6-DCF70AF7690D} = {DF98BB0F-26D1-4B82-B2A8-3359298A3B84}
	EndGlobalSection
	GlobalSection(ExtensibilityGlobals) = postSolution
		EnterpriseLibraryConfigurationToolBinariesPath = packages\Unity.2.1.505.0\lib\NET35
		SolutionGuid = {1B70AF09-B855-4F3A-9154-8CE48B012B67}
	EndGlobalSection
	GlobalSection(TestCaseManagementSettings) = postSolution
		CategoryFile = DI.vsmdi
	EndGlobalSection
EndGlobal
