
Microsoft Visual Studio Solution File, Format Version 12.00
# Visual Studio Version 16
VisualStudioVersion = 16.0.29209.152
MinimumVisualStudioVersion = 10.0.40219.1
Project("{2150E333-8FDC-42A3-9474-1A3956D46DE8}") = "Essentials", "Essentials", "{D591E8EF-C2E4-4556-A805-F026435A84A4}"
EndProject
Project("{2150E333-8FDC-42A3-9474-1A3956D46DE8}") = "Containers", "Containers", "{DF98BB0F-26D1-4B82-B2A8-3359298A3B84}"
EndProject
Project("{2150E333-8FDC-42A3-9474-1A3956D46DE8}") = "Usage Scenarios", "Usage Scenarios", "{DA8AB865-451B-401C-BC55-E6085E3F1DA3}"
EndProject
Project("{FAE04EC0-301F-11D3-BF4B-00C04F79EFBC}") = "DI.Autofac", "DI.Autofac\DI.Autofac.csproj", "{6C2BBA85-278D-45C2-83EE-8AB9AFF222FD}"
EndProject
Project("{2150E333-8FDC-42A3-9474-1A3956D46DE8}") = "Service locators", "Service locators", "{A3080704-364B-40FC-AF6B-298F4F87DDED}"
EndProject
Project("{2150E333-8FDC-42A3-9474-1A3956D46DE8}") = "Factory pattern", "Factory pattern", "{03A8B0C7-F008-46BC-BFF6-C00AF4389087}"
EndProject
Project("{9A19103F-16F7-4668-BE54-9A1E7A4F7556}") = "DI.Core", "DI.Core\DI.Core.csproj", "{E9292993-8903-485E-8429-73E3A8A095C2}"
EndProject
Project("{9A19103F-16F7-4668-BE54-9A1E7A4F7556}") = "DI.Core.StructureMap", "DI.Core.StructureMap\DI.Core.StructureMap.csproj", "{63EBF2DE-27FE-4928-B8E6-DCF70AF7690D}"
EndProject
Project("{FAE04EC0-301F-11D3-BF4B-00C04F79EFBC}") = "DI.Essentials.Coupled", "src\Essentials\DI.Essentials.Coupled\DI.Essentials.Coupled.csproj", "{8C1D491B-2296-4917-82F8-D39388967A7A}"
EndProject
Project("{FAE04EC0-301F-11D3-BF4B-00C04F79EFBC}") = "DI.Essentials.Abstraction", "src\Essentials\DI.Essentials.Abstraction\DI.Essentials.Abstraction.csproj", "{6162B889-8B82-4758-8E92-DB8D448C0D51}"
EndProject
Project("{FAE04EC0-301F-11D3-BF4B-00C04F79EFBC}") = "DI.Essentials.PoorMansContainer", "src\Essentials\DI.Essentials.PoorMansContainer\DI.Essentials.PoorMansContainer.csproj", "{49E3B5B2-4131-4D2E-BFCF-3CD48E7C4899}"
EndProject
Project("{FAE04EC0-301F-11D3-BF4B-00C04F79EFBC}") = "DI.Essentials.Tests", "src\Essentials\DI.Essentials.Tests\DI.Essentials.Tests.csproj", "{919728C6-21D0-4646-8E5B-1A82074BDAF2}"
EndProject
Project("{FAE04EC0-301F-11D3-BF4B-00C04F79EFBC}") = "DI.FactoryPattern", "src\FactoryPattern\DI.FactoryPattern\DI.FactoryPattern.csproj", "{02667A22-D42F-4DF1-AC6C-B898C7515723}"
EndProject
Project("{FAE04EC0-301F-11D3-BF4B-00C04F79EFBC}") = "DI.FactoryPattern.Tests", "src\FactoryPattern\DI.FactoryPattern.Tests\DI.FactoryPattern.Tests.csproj", "{204E58CA-51FE-4BBB-AC47-66881ECB9025}"
EndProject
Project("{FAE04EC0-301F-11D3-BF4B-00C04F79EFBC}") = "DI.Scenarios.WebAPI", "src\Scenarios\DI.Scenarios.WebAPI\DI.Scenarios.WebAPI.csproj", "{C5EA43FB-1E32-4D75-A076-308362047495}"
EndProject
Global
	GlobalSection(SolutionConfigurationPlatforms) = preSolution
		Debug|Any CPU = Debug|Any CPU
		Debug|Mixed Platforms = Debug|Mixed Platforms
		Debug|x86 = Debug|x86
		Release|Any CPU = Release|Any CPU
		Release|Mixed Platforms = Release|Mixed Platforms
		Release|x86 = Release|x86
	EndGlobalSection
	GlobalSection(ProjectConfigurationPlatforms) = postSolution
		{6C2BBA85-278D-45C2-83EE-8AB9AFF222FD}.Debug|Any CPU.ActiveCfg = Debug|Any CPU
		{6C2BBA85-278D-45C2-83EE-8AB9AFF222FD}.Debug|Any CPU.Build.0 = Debug|Any CPU
		{6C2BBA85-278D-45C2-83EE-8AB9AFF222FD}.Debug|Mixed Platforms.ActiveCfg = Debug|Any CPU
		{6C2BBA85-278D-45C2-83EE-8AB9AFF222FD}.Debug|Mixed Platforms.Build.0 = Debug|Any CPU
		{6C2BBA85-278D-45C2-83EE-8AB9AFF222FD}.Debug|x86.ActiveCfg = Debug|Any CPU
		{6C2BBA85-278D-45C2-83EE-8AB9AFF222FD}.Release|Any CPU.ActiveCfg = Release|Any CPU
		{6C2BBA85-278D-45C2-83EE-8AB9AFF222FD}.Release|Any CPU.Build.0 = Release|Any CPU
		{6C2BBA85-278D-45C2-83EE-8AB9AFF222FD}.Release|Mixed Platforms.ActiveCfg = Release|Any CPU
		{6C2BBA85-278D-45C2-83EE-8AB9AFF222FD}.Release|Mixed Platforms.Build.0 = Release|Any CPU
		{6C2BBA85-278D-45C2-83EE-8AB9AFF222FD}.Release|x86.ActiveCfg = Release|Any CPU
		{E9292993-8903-485E-8429-73E3A8A095C2}.Debug|Any CPU.ActiveCfg = Debug|Any CPU
		{E9292993-8903-485E-8429-73E3A8A095C2}.Debug|Any CPU.Build.0 = Debug|Any CPU
		{E9292993-8903-485E-8429-73E3A8A095C2}.Debug|Mixed Platforms.ActiveCfg = Debug|Any CPU
		{E9292993-8903-485E-8429-73E3A8A095C2}.Debug|Mixed Platforms.Build.0 = Debug|Any CPU
		{E9292993-8903-485E-8429-73E3A8A095C2}.Debug|x86.ActiveCfg = Debug|Any CPU
		{E9292993-8903-485E-8429-73E3A8A095C2}.Debug|x86.Build.0 = Debug|Any CPU
		{E9292993-8903-485E-8429-73E3A8A095C2}.Release|Any CPU.ActiveCfg = Release|Any CPU
		{E9292993-8903-485E-8429-73E3A8A095C2}.Release|Any CPU.Build.0 = Release|Any CPU
		{E9292993-8903-485E-8429-73E3A8A095C2}.Release|Mixed Platforms.ActiveCfg = Release|Any CPU
		{E9292993-8903-485E-8429-73E3A8A095C2}.Release|Mixed Platforms.Build.0 = Release|Any CPU
		{E9292993-8903-485E-8429-73E3A8A095C2}.Release|x86.ActiveCfg = Release|Any CPU
		{E9292993-8903-485E-8429-73E3A8A095C2}.Release|x86.Build.0 = Release|Any CPU
		{63EBF2DE-27FE-4928-B8E6-DCF70AF7690D}.Debug|Any CPU.ActiveCfg = Debug|Any CPU
		{63EBF2DE-27FE-4928-B8E6-DCF70AF7690D}.Debug|Any CPU.Build.0 = Debug|Any CPU
		{63EBF2DE-27FE-4928-B8E6-DCF70AF7690D}.Debug|Mixed Platforms.ActiveCfg = Debug|Any CPU
		{63EBF2DE-27FE-4928-B8E6-DCF70AF7690D}.Debug|Mixed Platforms.Build.0 = Debug|Any CPU
		{63EBF2DE-27FE-4928-B8E6-DCF70AF7690D}.Debug|x86.ActiveCfg = Debug|Any CPU
		{63EBF2DE-27FE-4928-B8E6-DCF70AF7690D}.Debug|x86.Build.0 = Debug|Any CPU
		{63EBF2DE-27FE-4928-B8E6-DCF70AF7690D}.Release|Any CPU.ActiveCfg = Release|Any CPU
		{63EBF2DE-27FE-4928-B8E6-DCF70AF7690D}.Release|Any CPU.Build.0 = Release|Any CPU
		{63EBF2DE-27FE-4928-B8E6-DCF70AF7690D}.Release|Mixed Platforms.ActiveCfg = Release|Any CPU
		{63EBF2DE-27FE-4928-B8E6-DCF70AF7690D}.Release|Mixed Platforms.Build.0 = Release|Any CPU
		{63EBF2DE-27FE-4928-B8E6-DCF70AF7690D}.Release|x86.ActiveCfg = Release|Any CPU
		{63EBF2DE-27FE-4928-B8E6-DCF70AF7690D}.Release|x86.Build.0 = Release|Any CPU
		{8C1D491B-2296-4917-82F8-D39388967A7A}.Debug|Any CPU.ActiveCfg = Debug|Any CPU
		{8C1D491B-2296-4917-82F8-D39388967A7A}.Debug|Any CPU.Build.0 = Debug|Any CPU
		{8C1D491B-2296-4917-82F8-D39388967A7A}.Debug|Mixed Platforms.ActiveCfg = Debug|Any CPU
		{8C1D491B-2296-4917-82F8-D39388967A7A}.Debug|Mixed Platforms.Build.0 = Debug|Any CPU
		{8C1D491B-2296-4917-82F8-D39388967A7A}.Debug|x86.ActiveCfg = Debug|Any CPU
		{8C1D491B-2296-4917-82F8-D39388967A7A}.Debug|x86.Build.0 = Debug|Any CPU
		{8C1D491B-2296-4917-82F8-D39388967A7A}.Release|Any CPU.ActiveCfg = Release|Any CPU
		{8C1D491B-2296-4917-82F8-D39388967A7A}.Release|Any CPU.Build.0 = Release|Any CPU
		{8C1D491B-2296-4917-82F8-D39388967A7A}.Release|Mixed Platforms.ActiveCfg = Release|Any CPU
		{8C1D491B-2296-4917-82F8-D39388967A7A}.Release|Mixed Platforms.Build.0 = Release|Any CPU
		{8C1D491B-2296-4917-82F8-D39388967A7A}.Release|x86.ActiveCfg = Release|Any CPU
		{8C1D491B-2296-4917-82F8-D39388967A7A}.Release|x86.Build.0 = Release|Any CPU
		{6162B889-8B82-4758-8E92-DB8D448C0D51}.Debug|Any CPU.ActiveCfg = Debug|Any CPU
		{6162B889-8B82-4758-8E92-DB8D448C0D51}.Debug|Any CPU.Build.0 = Debug|Any CPU
		{6162B889-8B82-4758-8E92-DB8D448C0D51}.Debug|Mixed Platforms.ActiveCfg = Debug|Any CPU
		{6162B889-8B82-4758-8E92-DB8D448C0D51}.Debug|Mixed Platforms.Build.0 = Debug|Any CPU
		{6162B889-8B82-4758-8E92-DB8D448C0D51}.Debug|x86.ActiveCfg = Debug|Any CPU
		{6162B889-8B82-4758-8E92-DB8D448C0D51}.Debug|x86.Build.0 = Debug|Any CPU
		{6162B889-8B82-4758-8E92-DB8D448C0D51}.Release|Any CPU.ActiveCfg = Release|Any CPU
		{6162B889-8B82-4758-8E92-DB8D448C0D51}.Release|Any CPU.Build.0 = Release|Any CPU
		{6162B889-8B82-4758-8E92-DB8D448C0D51}.Release|Mixed Platforms.ActiveCfg = Release|Any CPU
		{6162B889-8B82-4758-8E92-DB8D448C0D51}.Release|Mixed Platforms.Build.0 = Release|Any CPU
		{6162B889-8B82-4758-8E92-DB8D448C0D51}.Release|x86.ActiveCfg = Release|Any CPU
		{6162B889-8B82-4758-8E92-DB8D448C0D51}.Release|x86.Build.0 = Release|Any CPU
		{49E3B5B2-4131-4D2E-BFCF-3CD48E7C4899}.Debug|Any CPU.ActiveCfg = Debug|Any CPU
		{49E3B5B2-4131-4D2E-BFCF-3CD48E7C4899}.Debug|Any CPU.Build.0 = Debug|Any CPU
		{49E3B5B2-4131-4D2E-BFCF-3CD48E7C4899}.Debug|Mixed Platforms.ActiveCfg = Debug|Any CPU
		{49E3B5B2-4131-4D2E-BFCF-3CD48E7C4899}.Debug|Mixed Platforms.Build.0 = Debug|Any CPU
		{49E3B5B2-4131-4D2E-BFCF-3CD48E7C4899}.Debug|x86.ActiveCfg = Debug|Any CPU
		{49E3B5B2-4131-4D2E-BFCF-3CD48E7C4899}.Debug|x86.Build.0 = Debug|Any CPU
		{49E3B5B2-4131-4D2E-BFCF-3CD48E7C4899}.Release|Any CPU.ActiveCfg = Release|Any CPU
		{49E3B5B2-4131-4D2E-BFCF-3CD48E7C4899}.Release|Any CPU.Build.0 = Release|Any CPU
		{49E3B5B2-4131-4D2E-BFCF-3CD48E7C4899}.Release|Mixed Platforms.ActiveCfg = Release|Any CPU
		{49E3B5B2-4131-4D2E-BFCF-3CD48E7C4899}.Release|Mixed Platforms.Build.0 = Release|Any CPU
		{49E3B5B2-4131-4D2E-BFCF-3CD48E7C4899}.Release|x86.ActiveCfg = Release|Any CPU
		{49E3B5B2-4131-4D2E-BFCF-3CD48E7C4899}.Release|x86.Build.0 = Release|Any CPU
		{919728C6-21D0-4646-8E5B-1A82074BDAF2}.Debug|Any CPU.ActiveCfg = Debug|Any CPU
		{919728C6-21D0-4646-8E5B-1A82074BDAF2}.Debug|Any CPU.Build.0 = Debug|Any CPU
		{919728C6-21D0-4646-8E5B-1A82074BDAF2}.Debug|Mixed Platforms.ActiveCfg = Debug|Any CPU
		{919728C6-21D0-4646-8E5B-1A82074BDAF2}.Debug|Mixed Platforms.Build.0 = Debug|Any CPU
		{919728C6-21D0-4646-8E5B-1A82074BDAF2}.Debug|x86.ActiveCfg = Debug|Any CPU
		{919728C6-21D0-4646-8E5B-1A82074BDAF2}.Debug|x86.Build.0 = Debug|Any CPU
		{919728C6-21D0-4646-8E5B-1A82074BDAF2}.Release|Any CPU.ActiveCfg = Release|Any CPU
		{919728C6-21D0-4646-8E5B-1A82074BDAF2}.Release|Any CPU.Build.0 = Release|Any CPU
		{919728C6-21D0-4646-8E5B-1A82074BDAF2}.Release|Mixed Platforms.ActiveCfg = Release|Any CPU
		{919728C6-21D0-4646-8E5B-1A82074BDAF2}.Release|Mixed Platforms.Build.0 = Release|Any CPU
		{919728C6-21D0-4646-8E5B-1A82074BDAF2}.Release|x86.ActiveCfg = Release|Any CPU
		{919728C6-21D0-4646-8E5B-1A82074BDAF2}.Release|x86.Build.0 = Release|Any CPU
		{02667A22-D42F-4DF1-AC6C-B898C7515723}.Debug|Any CPU.ActiveCfg = Debug|Any CPU
		{02667A22-D42F-4DF1-AC6C-B898C7515723}.Debug|Any CPU.Build.0 = Debug|Any CPU
		{02667A22-D42F-4DF1-AC6C-B898C7515723}.Debug|Mixed Platforms.ActiveCfg = Debug|Any CPU
		{02667A22-D42F-4DF1-AC6C-B898C7515723}.Debug|Mixed Platforms.Build.0 = Debug|Any CPU
		{02667A22-D42F-4DF1-AC6C-B898C7515723}.Debug|x86.ActiveCfg = Debug|Any CPU
		{02667A22-D42F-4DF1-AC6C-B898C7515723}.Debug|x86.Build.0 = Debug|Any CPU
		{02667A22-D42F-4DF1-AC6C-B898C7515723}.Release|Any CPU.ActiveCfg = Release|Any CPU
		{02667A22-D42F-4DF1-AC6C-B898C7515723}.Release|Any CPU.Build.0 = Release|Any CPU
		{02667A22-D42F-4DF1-AC6C-B898C7515723}.Release|Mixed Platforms.ActiveCfg = Release|Any CPU
		{02667A22-D42F-4DF1-AC6C-B898C7515723}.Release|Mixed Platforms.Build.0 = Release|Any CPU
		{02667A22-D42F-4DF1-AC6C-B898C7515723}.Release|x86.ActiveCfg = Release|Any CPU
		{02667A22-D42F-4DF1-AC6C-B898C7515723}.Release|x86.Build.0 = Release|Any CPU
		{204E58CA-51FE-4BBB-AC47-66881ECB9025}.Debug|Any CPU.ActiveCfg = Debug|Any CPU
		{204E58CA-51FE-4BBB-AC47-66881ECB9025}.Debug|Any CPU.Build.0 = Debug|Any CPU
		{204E58CA-51FE-4BBB-AC47-66881ECB9025}.Debug|Mixed Platforms.ActiveCfg = Debug|Any CPU
		{204E58CA-51FE-4BBB-AC47-66881ECB9025}.Debug|Mixed Platforms.Build.0 = Debug|Any CPU
		{204E58CA-51FE-4BBB-AC47-66881ECB9025}.Debug|x86.ActiveCfg = Debug|Any CPU
		{204E58CA-51FE-4BBB-AC47-66881ECB9025}.Debug|x86.Build.0 = Debug|Any CPU
		{204E58CA-51FE-4BBB-AC47-66881ECB9025}.Release|Any CPU.ActiveCfg = Release|Any CPU
		{204E58CA-51FE-4BBB-AC47-66881ECB9025}.Release|Any CPU.Build.0 = Release|Any CPU
		{204E58CA-51FE-4BBB-AC47-66881ECB9025}.Release|Mixed Platforms.ActiveCfg = Release|Any CPU
		{204E58CA-51FE-4BBB-AC47-66881ECB9025}.Release|Mixed Platforms.Build.0 = Release|Any CPU
		{204E58CA-51FE-4BBB-AC47-66881ECB9025}.Release|x86.ActiveCfg = Release|Any CPU
		{204E58CA-51FE-4BBB-AC47-66881ECB9025}.Release|x86.Build.0 = Release|Any CPU
		{C5EA43FB-1E32-4D75-A076-308362047495}.Debug|Any CPU.ActiveCfg = Debug|Any CPU
		{C5EA43FB-1E32-4D75-A076-308362047495}.Debug|Any CPU.Build.0 = Debug|Any CPU
		{C5EA43FB-1E32-4D75-A076-308362047495}.Debug|Mixed Platforms.ActiveCfg = Debug|Any CPU
		{C5EA43FB-1E32-4D75-A076-308362047495}.Debug|Mixed Platforms.Build.0 = Debug|Any CPU
		{C5EA43FB-1E32-4D75-A076-308362047495}.Debug|x86.ActiveCfg = Debug|Any CPU
		{C5EA43FB-1E32-4D75-A076-308362047495}.Debug|x86.Build.0 = Debug|Any CPU
		{C5EA43FB-1E32-4D75-A076-308362047495}.Release|Any CPU.ActiveCfg = Release|Any CPU
		{C5EA43FB-1E32-4D75-A076-308362047495}.Release|Any CPU.Build.0 = Release|Any CPU
		{C5EA43FB-1E32-4D75-A076-308362047495}.Release|Mixed Platforms.ActiveCfg = Release|Any CPU
		{C5EA43FB-1E32-4D75-A076-308362047495}.Release|Mixed Platforms.Build.0 = Release|Any CPU
		{C5EA43FB-1E32-4D75-A076-308362047495}.Release|x86.ActiveCfg = Release|Any CPU
		{C5EA43FB-1E32-4D75-A076-308362047495}.Release|x86.Build.0 = Release|Any CPU
	EndGlobalSection
	GlobalSection(SolutionProperties) = preSolution
		HideSolutionNode = FALSE
	EndGlobalSection
	GlobalSection(NestedProjects) = preSolution
		{6C2BBA85-278D-45C2-83EE-8AB9AFF222FD} = {DF98BB0F-26D1-4B82-B2A8-3359298A3B84}
		{E9292993-8903-485E-8429-73E3A8A095C2} = {DF98BB0F-26D1-4B82-B2A8-3359298A3B84}
		{63EBF2DE-27FE-4928-B8E6-DCF70AF7690D} = {DF98BB0F-26D1-4B82-B2A8-3359298A3B84}
		{8C1D491B-2296-4917-82F8-D39388967A7A} = {D591E8EF-C2E4-4556-A805-F026435A84A4}
		{6162B889-8B82-4758-8E92-DB8D448C0D51} = {D591E8EF-C2E4-4556-A805-F026435A84A4}
		{49E3B5B2-4131-4D2E-BFCF-3CD48E7C4899} = {D591E8EF-C2E4-4556-A805-F026435A84A4}
		{919728C6-21D0-4646-8E5B-1A82074BDAF2} = {D591E8EF-C2E4-4556-A805-F026435A84A4}
		{02667A22-D42F-4DF1-AC6C-B898C7515723} = {03A8B0C7-F008-46BC-BFF6-C00AF4389087}
		{204E58CA-51FE-4BBB-AC47-66881ECB9025} = {03A8B0C7-F008-46BC-BFF6-C00AF4389087}
		{C5EA43FB-1E32-4D75-A076-308362047495} = {DA8AB865-451B-401C-BC55-E6085E3F1DA3}
	EndGlobalSection
	GlobalSection(ExtensibilityGlobals) = postSolution
		SolutionGuid = {1B70AF09-B855-4F3A-9154-8CE48B012B67}
		EnterpriseLibraryConfigurationToolBinariesPath = packages\Unity.2.1.505.0\lib\NET35
	EndGlobalSection
	GlobalSection(TestCaseManagementSettings) = postSolution
		CategoryFile = DI.vsmdi
	EndGlobalSection
EndGlobal
