
Microsoft Visual Studio Solution File, Format Version 12.00
# Visual Studio Version 16
VisualStudioVersion = 16.0.29209.152
MinimumVisualStudioVersion = 10.0.40219.1
Project("{2150E333-8FDC-42A3-9474-1A3956D46DE8}") = "Essentials", "Essentials", "{D591E8EF-C2E4-4556-A805-F026435A84A4}"
EndProject
Project("{2150E333-8FDC-42A3-9474-1A3956D46DE8}") = "Containers", "Containers", "{DF98BB0F-26D1-4B82-B2A8-3359298A3B84}"
EndProject
Project("{2150E333-8FDC-42A3-9474-1A3956D46DE8}") = "Usage Scenarios", "Usage Scenarios", "{DA8AB865-451B-401C-BC55-E6085E3F1DA3}"
EndProject
Project("{FAE04EC0-301F-11D3-BF4B-00C04F79EFBC}") = "DI.Autofac", "DI.Autofac\DI.Autofac.csproj", "{6C2BBA85-278D-45C2-83EE-8AB9AFF222FD}"
EndProject
Project("{2150E333-8FDC-42A3-9474-1A3956D46DE8}") = "Autofac", "Autofac", "{3FDBB0F7-CA8F-42A3-8270-0C1585F5CCC9}"
EndProject
Project("{FAE04EC0-301F-11D3-BF4B-00C04F79EFBC}") = "DI.Autofac.WPF", "DI.Autofac.WPF\DI.Autofac.WPF.csproj", "{A887DDAB-C962-4647-B213-F7EF553A4FB8}"
EndProject
Project("{FAE04EC0-301F-11D3-BF4B-00C04F79EFBC}") = "DI.Autofac.AspNetMVC", "DI.Autofac.AspNetMVC\DI.Autofac.AspNetMVC.csproj", "{73BCE847-50ED-4DC0-99A1-D79B07FCCC0D}"
EndProject
Project("{2150E333-8FDC-42A3-9474-1A3956D46DE8}") = "Service locators", "Service locators", "{A3080704-364B-40FC-AF6B-298F4F87DDED}"
EndProject
Project("{2150E333-8FDC-42A3-9474-1A3956D46DE8}") = "Factory pattern", "Factory pattern", "{03A8B0C7-F008-46BC-BFF6-C00AF4389087}"
EndProject
Project("{FAE04EC0-301F-11D3-BF4B-00C04F79EFBC}") = "FactoryPattern.Tests", "FactoryPattern.Tests\FactoryPattern.Tests.csproj", "{A3940724-BA4C-4F12-BB5C-0470534C58EC}"
EndProject
Project("{FAE04EC0-301F-11D3-BF4B-00C04F79EFBC}") = "FactoryPattern", "FactoryPattern\FactoryPattern.csproj", "{90B6A308-BCA9-4E55-AE9D-0B157BBDF0E9}"
EndProject
Project("{9A19103F-16F7-4668-BE54-9A1E7A4F7556}") = "DI.Core", "DI.Core\DI.Core.csproj", "{E9292993-8903-485E-8429-73E3A8A095C2}"
EndProject
Project("{9A19103F-16F7-4668-BE54-9A1E7A4F7556}") = "DI.Core.StructureMap", "DI.Core.StructureMap\DI.Core.StructureMap.csproj", "{63EBF2DE-27FE-4928-B8E6-DCF70AF7690D}"
EndProject
Project("{FAE04EC0-301F-11D3-BF4B-00C04F79EFBC}") = "DI.Essentials.Coupled", "src\Essentials\DI.Essentials.Coupled\DI.Essentials.Coupled.csproj", "{8C1D491B-2296-4917-82F8-D39388967A7A}"
EndProject
Project("{FAE04EC0-301F-11D3-BF4B-00C04F79EFBC}") = "DI.Essentials.Abstraction", "src\Essentials\DI.Essentials.Abstraction\DI.Essentials.Abstraction.csproj", "{6162B889-8B82-4758-8E92-DB8D448C0D51}"
EndProject
Project("{FAE04EC0-301F-11D3-BF4B-00C04F79EFBC}") = "DI.Essentials.PoorMansContainer", "src\Essentials\DI.Essentials.PoorMansContainer\DI.Essentials.PoorMansContainer.csproj", "{49E3B5B2-4131-4D2E-BFCF-3CD48E7C4899}"
EndProject
Project("{FAE04EC0-301F-11D3-BF4B-00C04F79EFBC}") = "DI.Essentials.Tests", "src\Essentials\DI.Essentials.Tests\DI.Essentials.Tests.csproj", "{919728C6-21D0-4646-8E5B-1A82074BDAF2}"
EndProject
Global
	GlobalSection(SolutionConfigurationPlatforms) = preSolution
		Debug|Any CPU = Debug|Any CPU
		Debug|Mixed Platforms = Debug|Mixed Platforms
		Debug|x86 = Debug|x86
		Release|Any CPU = Release|Any CPU
		Release|Mixed Platforms = Release|Mixed Platforms
		Release|x86 = Release|x86
	EndGlobalSection
	GlobalSection(ProjectConfigurationPlatforms) = postSolution
		{6C2BBA85-278D-45C2-83EE-8AB9AFF222FD}.Debug|Any CPU.ActiveCfg = Debug|Any CPU
		{6C2BBA85-278D-45C2-83EE-8AB9AFF222FD}.Debug|Any CPU.Build.0 = Debug|Any CPU
		{6C2BBA85-278D-45C2-83EE-8AB9AFF222FD}.Debug|Mixed Platforms.ActiveCfg = Debug|Any CPU
		{6C2BBA85-278D-45C2-83EE-8AB9AFF222FD}.Debug|Mixed Platforms.Build.0 = Debug|Any CPU
		{6C2BBA85-278D-45C2-83EE-8AB9AFF222FD}.Debug|x86.ActiveCfg = Debug|Any CPU
		{6C2BBA85-278D-45C2-83EE-8AB9AFF222FD}.Release|Any CPU.ActiveCfg = Release|Any CPU
		{6C2BBA85-278D-45C2-83EE-8AB9AFF222FD}.Release|Any CPU.Build.0 = Release|Any CPU
		{6C2BBA85-278D-45C2-83EE-8AB9AFF222FD}.Release|Mixed Platforms.ActiveCfg = Release|Any CPU
		{6C2BBA85-278D-45C2-83EE-8AB9AFF222FD}.Release|Mixed Platforms.Build.0 = Release|Any CPU
		{6C2BBA85-278D-45C2-83EE-8AB9AFF222FD}.Release|x86.ActiveCfg = Release|Any CPU
		{A887DDAB-C962-4647-B213-F7EF553A4FB8}.Debug|Any CPU.ActiveCfg = Debug|x86
		{A887DDAB-C962-4647-B213-F7EF553A4FB8}.Debug|Mixed Platforms.ActiveCfg = Debug|x86
		{A887DDAB-C962-4647-B213-F7EF553A4FB8}.Debug|Mixed Platforms.Build.0 = Debug|x86
		{A887DDAB-C962-4647-B213-F7EF553A4FB8}.Debug|x86.ActiveCfg = Debug|x86
		{A887DDAB-C962-4647-B213-F7EF553A4FB8}.Debug|x86.Build.0 = Debug|x86
		{A887DDAB-C962-4647-B213-F7EF553A4FB8}.Release|Any CPU.ActiveCfg = Release|x86
		{A887DDAB-C962-4647-B213-F7EF553A4FB8}.Release|Mixed Platforms.ActiveCfg = Release|x86
		{A887DDAB-C962-4647-B213-F7EF553A4FB8}.Release|Mixed Platforms.Build.0 = Release|x86
		{A887DDAB-C962-4647-B213-F7EF553A4FB8}.Release|x86.ActiveCfg = Release|x86
		{A887DDAB-C962-4647-B213-F7EF553A4FB8}.Release|x86.Build.0 = Release|x86
		{73BCE847-50ED-4DC0-99A1-D79B07FCCC0D}.Debug|Any CPU.ActiveCfg = Debug|Any CPU
		{73BCE847-50ED-4DC0-99A1-D79B07FCCC0D}.Debug|Any CPU.Build.0 = Debug|Any CPU
		{73BCE847-50ED-4DC0-99A1-D79B07FCCC0D}.Debug|Mixed Platforms.ActiveCfg = Debug|Any CPU
		{73BCE847-50ED-4DC0-99A1-D79B07FCCC0D}.Debug|Mixed Platforms.Build.0 = Debug|Any CPU
		{73BCE847-50ED-4DC0-99A1-D79B07FCCC0D}.Debug|x86.ActiveCfg = Debug|Any CPU
		{73BCE847-50ED-4DC0-99A1-D79B07FCCC0D}.Debug|x86.Build.0 = Debug|Any CPU
		{73BCE847-50ED-4DC0-99A1-D79B07FCCC0D}.Release|Any CPU.ActiveCfg = Release|Any CPU
		{73BCE847-50ED-4DC0-99A1-D79B07FCCC0D}.Release|Any CPU.Build.0 = Release|Any CPU
		{73BCE847-50ED-4DC0-99A1-D79B07FCCC0D}.Release|Mixed Platforms.ActiveCfg = Release|Any CPU
		{73BCE847-50ED-4DC0-99A1-D79B07FCCC0D}.Release|Mixed Platforms.Build.0 = Release|Any CPU
		{73BCE847-50ED-4DC0-99A1-D79B07FCCC0D}.Release|x86.ActiveCfg = Release|Any CPU
		{73BCE847-50ED-4DC0-99A1-D79B07FCCC0D}.Release|x86.Build.0 = Release|Any CPU
		{A3940724-BA4C-4F12-BB5C-0470534C58EC}.Debug|Any CPU.ActiveCfg = Debug|Any CPU
		{A3940724-BA4C-4F12-BB5C-0470534C58EC}.Debug|Any CPU.Build.0 = Debug|Any CPU
		{A3940724-BA4C-4F12-BB5C-0470534C58EC}.Debug|Mixed Platforms.ActiveCfg = Debug|Any CPU
		{A3940724-BA4C-4F12-BB5C-0470534C58EC}.Debug|Mixed Platforms.Build.0 = Debug|Any CPU
		{A3940724-BA4C-4F12-BB5C-0470534C58EC}.Debug|x86.ActiveCfg = Debug|Any CPU
		{A3940724-BA4C-4F12-BB5C-0470534C58EC}.Debug|x86.Build.0 = Debug|Any CPU
		{A3940724-BA4C-4F12-BB5C-0470534C58EC}.Release|Any CPU.ActiveCfg = Release|Any CPU
		{A3940724-BA4C-4F12-BB5C-0470534C58EC}.Release|Any CPU.Build.0 = Release|Any CPU
		{A3940724-BA4C-4F12-BB5C-0470534C58EC}.Release|Mixed Platforms.ActiveCfg = Release|Any CPU
		{A3940724-BA4C-4F12-BB5C-0470534C58EC}.Release|Mixed Platforms.Build.0 = Release|Any CPU
		{A3940724-BA4C-4F12-BB5C-0470534C58EC}.Release|x86.ActiveCfg = Release|Any CPU
		{A3940724-BA4C-4F12-BB5C-0470534C58EC}.Release|x86.Build.0 = Release|Any CPU
		{90B6A308-BCA9-4E55-AE9D-0B157BBDF0E9}.Debug|Any CPU.ActiveCfg = Debug|Any CPU
		{90B6A308-BCA9-4E55-AE9D-0B157BBDF0E9}.Debug|Any CPU.Build.0 = Debug|Any CPU
		{90B6A308-BCA9-4E55-AE9D-0B157BBDF0E9}.Debug|Mixed Platforms.ActiveCfg = Debug|Any CPU
		{90B6A308-BCA9-4E55-AE9D-0B157BBDF0E9}.Debug|Mixed Platforms.Build.0 = Debug|Any CPU
		{90B6A308-BCA9-4E55-AE9D-0B157BBDF0E9}.Debug|x86.ActiveCfg = Debug|Any CPU
		{90B6A308-BCA9-4E55-AE9D-0B157BBDF0E9}.Debug|x86.Build.0 = Debug|Any CPU
		{90B6A308-BCA9-4E55-AE9D-0B157BBDF0E9}.Release|Any CPU.ActiveCfg = Release|Any CPU
		{90B6A308-BCA9-4E55-AE9D-0B157BBDF0E9}.Release|Any CPU.Build.0 = Release|Any CPU
		{90B6A308-BCA9-4E55-AE9D-0B157BBDF0E9}.Release|Mixed Platforms.ActiveCfg = Release|Any CPU
		{90B6A308-BCA9-4E55-AE9D-0B157BBDF0E9}.Release|Mixed Platforms.Build.0 = Release|Any CPU
		{90B6A308-BCA9-4E55-AE9D-0B157BBDF0E9}.Release|x86.ActiveCfg = Release|Any CPU
		{90B6A308-BCA9-4E55-AE9D-0B157BBDF0E9}.Release|x86.Build.0 = Release|Any CPU
		{E9292993-8903-485E-8429-73E3A8A095C2}.Debug|Any CPU.ActiveCfg = Debug|Any CPU
		{E9292993-8903-485E-8429-73E3A8A095C2}.Debug|Any CPU.Build.0 = Debug|Any CPU
		{E9292993-8903-485E-8429-73E3A8A095C2}.Debug|Mixed Platforms.ActiveCfg = Debug|Any CPU
		{E9292993-8903-485E-8429-73E3A8A095C2}.Debug|Mixed Platforms.Build.0 = Debug|Any CPU
		{E9292993-8903-485E-8429-73E3A8A095C2}.Debug|x86.ActiveCfg = Debug|Any CPU
		{E9292993-8903-485E-8429-73E3A8A095C2}.Debug|x86.Build.0 = Debug|Any CPU
		{E9292993-8903-485E-8429-73E3A8A095C2}.Release|Any CPU.ActiveCfg = Release|Any CPU
		{E9292993-8903-485E-8429-73E3A8A095C2}.Release|Any CPU.Build.0 = Release|Any CPU
		{E9292993-8903-485E-8429-73E3A8A095C2}.Release|Mixed Platforms.ActiveCfg = Release|Any CPU
		{E9292993-8903-485E-8429-73E3A8A095C2}.Release|Mixed Platforms.Build.0 = Release|Any CPU
		{E9292993-8903-485E-8429-73E3A8A095C2}.Release|x86.ActiveCfg = Release|Any CPU
		{E9292993-8903-485E-8429-73E3A8A095C2}.Release|x86.Build.0 = Release|Any CPU
		{63EBF2DE-27FE-4928-B8E6-DCF70AF7690D}.Debug|Any CPU.ActiveCfg = Debug|Any CPU
		{63EBF2DE-27FE-4928-B8E6-DCF70AF7690D}.Debug|Any CPU.Build.0 = Debug|Any CPU
		{63EBF2DE-27FE-4928-B8E6-DCF70AF7690D}.Debug|Mixed Platforms.ActiveCfg = Debug|Any CPU
		{63EBF2DE-27FE-4928-B8E6-DCF70AF7690D}.Debug|Mixed Platforms.Build.0 = Debug|Any CPU
		{63EBF2DE-27FE-4928-B8E6-DCF70AF7690D}.Debug|x86.ActiveCfg = Debug|Any CPU
		{63EBF2DE-27FE-4928-B8E6-DCF70AF7690D}.Debug|x86.Build.0 = Debug|Any CPU
		{63EBF2DE-27FE-4928-B8E6-DCF70AF7690D}.Release|Any CPU.ActiveCfg = Release|Any CPU
		{63EBF2DE-27FE-4928-B8E6-DCF70AF7690D}.Release|Any CPU.Build.0 = Release|Any CPU
		{63EBF2DE-27FE-4928-B8E6-DCF70AF7690D}.Release|Mixed Platforms.ActiveCfg = Release|Any CPU
		{63EBF2DE-27FE-4928-B8E6-DCF70AF7690D}.Release|Mixed Platforms.Build.0 = Release|Any CPU
		{63EBF2DE-27FE-4928-B8E6-DCF70AF7690D}.Release|x86.ActiveCfg = Release|Any CPU
		{63EBF2DE-27FE-4928-B8E6-DCF70AF7690D}.Release|x86.Build.0 = Release|Any CPU
		{8C1D491B-2296-4917-82F8-D39388967A7A}.Debug|Any CPU.ActiveCfg = Debug|Any CPU
		{8C1D491B-2296-4917-82F8-D39388967A7A}.Debug|Any CPU.Build.0 = Debug|Any CPU
		{8C1D491B-2296-4917-82F8-D39388967A7A}.Debug|Mixed Platforms.ActiveCfg = Debug|Any CPU
		{8C1D491B-2296-4917-82F8-D39388967A7A}.Debug|Mixed Platforms.Build.0 = Debug|Any CPU
		{8C1D491B-2296-4917-82F8-D39388967A7A}.Debug|x86.ActiveCfg = Debug|Any CPU
		{8C1D491B-2296-4917-82F8-D39388967A7A}.Debug|x86.Build.0 = Debug|Any CPU
		{8C1D491B-2296-4917-82F8-D39388967A7A}.Release|Any CPU.ActiveCfg = Release|Any CPU
		{8C1D491B-2296-4917-82F8-D39388967A7A}.Release|Any CPU.Build.0 = Release|Any CPU
		{8C1D491B-2296-4917-82F8-D39388967A7A}.Release|Mixed Platforms.ActiveCfg = Release|Any CPU
		{8C1D491B-2296-4917-82F8-D39388967A7A}.Release|Mixed Platforms.Build.0 = Release|Any CPU
		{8C1D491B-2296-4917-82F8-D39388967A7A}.Release|x86.ActiveCfg = Release|Any CPU
		{8C1D491B-2296-4917-82F8-D39388967A7A}.Release|x86.Build.0 = Release|Any CPU
		{6162B889-8B82-4758-8E92-DB8D448C0D51}.Debug|Any CPU.ActiveCfg = Debug|Any CPU
		{6162B889-8B82-4758-8E92-DB8D448C0D51}.Debug|Any CPU.Build.0 = Debug|Any CPU
		{6162B889-8B82-4758-8E92-DB8D448C0D51}.Debug|Mixed Platforms.ActiveCfg = Debug|Any CPU
		{6162B889-8B82-4758-8E92-DB8D448C0D51}.Debug|Mixed Platforms.Build.0 = Debug|Any CPU
		{6162B889-8B82-4758-8E92-DB8D448C0D51}.Debug|x86.ActiveCfg = Debug|Any CPU
		{6162B889-8B82-4758-8E92-DB8D448C0D51}.Debug|x86.Build.0 = Debug|Any CPU
		{6162B889-8B82-4758-8E92-DB8D448C0D51}.Release|Any CPU.ActiveCfg = Release|Any CPU
		{6162B889-8B82-4758-8E92-DB8D448C0D51}.Release|Any CPU.Build.0 = Release|Any CPU
		{6162B889-8B82-4758-8E92-DB8D448C0D51}.Release|Mixed Platforms.ActiveCfg = Release|Any CPU
		{6162B889-8B82-4758-8E92-DB8D448C0D51}.Release|Mixed Platforms.Build.0 = Release|Any CPU
		{6162B889-8B82-4758-8E92-DB8D448C0D51}.Release|x86.ActiveCfg = Release|Any CPU
		{6162B889-8B82-4758-8E92-DB8D448C0D51}.Release|x86.Build.0 = Release|Any CPU
		{49E3B5B2-4131-4D2E-BFCF-3CD48E7C4899}.Debug|Any CPU.ActiveCfg = Debug|Any CPU
		{49E3B5B2-4131-4D2E-BFCF-3CD48E7C4899}.Debug|Any CPU.Build.0 = Debug|Any CPU
		{49E3B5B2-4131-4D2E-BFCF-3CD48E7C4899}.Debug|Mixed Platforms.ActiveCfg = Debug|Any CPU
		{49E3B5B2-4131-4D2E-BFCF-3CD48E7C4899}.Debug|Mixed Platforms.Build.0 = Debug|Any CPU
		{49E3B5B2-4131-4D2E-BFCF-3CD48E7C4899}.Debug|x86.ActiveCfg = Debug|Any CPU
		{49E3B5B2-4131-4D2E-BFCF-3CD48E7C4899}.Debug|x86.Build.0 = Debug|Any CPU
		{49E3B5B2-4131-4D2E-BFCF-3CD48E7C4899}.Release|Any CPU.ActiveCfg = Release|Any CPU
		{49E3B5B2-4131-4D2E-BFCF-3CD48E7C4899}.Release|Any CPU.Build.0 = Release|Any CPU
		{49E3B5B2-4131-4D2E-BFCF-3CD48E7C4899}.Release|Mixed Platforms.ActiveCfg = Release|Any CPU
		{49E3B5B2-4131-4D2E-BFCF-3CD48E7C4899}.Release|Mixed Platforms.Build.0 = Release|Any CPU
		{49E3B5B2-4131-4D2E-BFCF-3CD48E7C4899}.Release|x86.ActiveCfg = Release|Any CPU
		{49E3B5B2-4131-4D2E-BFCF-3CD48E7C4899}.Release|x86.Build.0 = Release|Any CPU
		{919728C6-21D0-4646-8E5B-1A82074BDAF2}.Debug|Any CPU.ActiveCfg = Debug|Any CPU
		{919728C6-21D0-4646-8E5B-1A82074BDAF2}.Debug|Any CPU.Build.0 = Debug|Any CPU
		{919728C6-21D0-4646-8E5B-1A82074BDAF2}.Debug|Mixed Platforms.ActiveCfg = Debug|Any CPU
		{919728C6-21D0-4646-8E5B-1A82074BDAF2}.Debug|Mixed Platforms.Build.0 = Debug|Any CPU
		{919728C6-21D0-4646-8E5B-1A82074BDAF2}.Debug|x86.ActiveCfg = Debug|Any CPU
		{919728C6-21D0-4646-8E5B-1A82074BDAF2}.Debug|x86.Build.0 = Debug|Any CPU
		{919728C6-21D0-4646-8E5B-1A82074BDAF2}.Release|Any CPU.ActiveCfg = Release|Any CPU
		{919728C6-21D0-4646-8E5B-1A82074BDAF2}.Release|Any CPU.Build.0 = Release|Any CPU
		{919728C6-21D0-4646-8E5B-1A82074BDAF2}.Release|Mixed Platforms.ActiveCfg = Release|Any CPU
		{919728C6-21D0-4646-8E5B-1A82074BDAF2}.Release|Mixed Platforms.Build.0 = Release|Any CPU
		{919728C6-21D0-4646-8E5B-1A82074BDAF2}.Release|x86.ActiveCfg = Release|Any CPU
		{919728C6-21D0-4646-8E5B-1A82074BDAF2}.Release|x86.Build.0 = Release|Any CPU
	EndGlobalSection
	GlobalSection(SolutionProperties) = preSolution
		HideSolutionNode = FALSE
	EndGlobalSection
	GlobalSection(NestedProjects) = preSolution
		{6C2BBA85-278D-45C2-83EE-8AB9AFF222FD} = {DF98BB0F-26D1-4B82-B2A8-3359298A3B84}
		{3FDBB0F7-CA8F-42A3-8270-0C1585F5CCC9} = {DA8AB865-451B-401C-BC55-E6085E3F1DA3}
		{A887DDAB-C962-4647-B213-F7EF553A4FB8} = {3FDBB0F7-CA8F-42A3-8270-0C1585F5CCC9}
		{73BCE847-50ED-4DC0-99A1-D79B07FCCC0D} = {3FDBB0F7-CA8F-42A3-8270-0C1585F5CCC9}
		{A3940724-BA4C-4F12-BB5C-0470534C58EC} = {03A8B0C7-F008-46BC-BFF6-C00AF4389087}
		{90B6A308-BCA9-4E55-AE9D-0B157BBDF0E9} = {03A8B0C7-F008-46BC-BFF6-C00AF4389087}
		{E9292993-8903-485E-8429-73E3A8A095C2} = {DF98BB0F-26D1-4B82-B2A8-3359298A3B84}
		{63EBF2DE-27FE-4928-B8E6-DCF70AF7690D} = {DF98BB0F-26D1-4B82-B2A8-3359298A3B84}
		{8C1D491B-2296-4917-82F8-D39388967A7A} = {D591E8EF-C2E4-4556-A805-F026435A84A4}
		{6162B889-8B82-4758-8E92-DB8D448C0D51} = {D591E8EF-C2E4-4556-A805-F026435A84A4}
		{49E3B5B2-4131-4D2E-BFCF-3CD48E7C4899} = {D591E8EF-C2E4-4556-A805-F026435A84A4}
		{919728C6-21D0-4646-8E5B-1A82074BDAF2} = {D591E8EF-C2E4-4556-A805-F026435A84A4}
	EndGlobalSection
	GlobalSection(ExtensibilityGlobals) = postSolution
		SolutionGuid = {1B70AF09-B855-4F3A-9154-8CE48B012B67}
		EnterpriseLibraryConfigurationToolBinariesPath = packages\Unity.2.1.505.0\lib\NET35
	EndGlobalSection
	GlobalSection(TestCaseManagementSettings) = postSolution
		CategoryFile = DI.vsmdi
	EndGlobalSection
EndGlobal
