
Microsoft Visual Studio Solution File, Format Version 12.00
# Visual Studio Version 16
VisualStudioVersion = 16.0.29209.152
MinimumVisualStudioVersion = 10.0.40219.1
Project("{2150E333-8FDC-42A3-9474-1A3956D46DE8}") = "1. Make library shared between Core and FF", "1. Make library shared between Core and FF", "{9B9DD56E-CF29-48B6-BC48-7F8D75A37CD9}"
EndProject
Project("{FAE04EC0-301F-11D3-BF4B-00C04F79EFBC}") = "DI.Exercises.1", "1\DI.Exercises.1\DI.Exercises.1.csproj", "{0F2D12F0-3C5C-4EE4-AD49-F580AE5CE5CB}"
EndProject
Project("{2150E333-8FDC-42A3-9474-1A3956D46DE8}") = "Shared", "Shared", "{424AC738-1CE1-46C2-AE5F-BCC63BAB307E}"
EndProject
Project("{FAE04EC0-301F-11D3-BF4B-00C04F79EFBC}") = "DI.Exercises.Shared.Models", "Shared\DI.Exercises.Shared.Models\DI.Exercises.Shared.Models.csproj", "{C0B622A1-3D54-48D1-9EA5-A550C38A723E}"
EndProject
Global
	GlobalSection(SolutionConfigurationPlatforms) = preSolution
		Debug|Any CPU = Debug|Any CPU
		Release|Any CPU = Release|Any CPU
	EndGlobalSection
	GlobalSection(ProjectConfigurationPlatforms) = postSolution
		{0F2D12F0-3C5C-4EE4-AD49-F580AE5CE5CB}.Debug|Any CPU.ActiveCfg = Debug|Any CPU
		{0F2D12F0-3C5C-4EE4-AD49-F580AE5CE5CB}.Debug|Any CPU.Build.0 = Debug|Any CPU
		{0F2D12F0-3C5C-4EE4-AD49-F580AE5CE5CB}.Release|Any CPU.ActiveCfg = Release|Any CPU
		{0F2D12F0-3C5C-4EE4-AD49-F580AE5CE5CB}.Release|Any CPU.Build.0 = Release|Any CPU
		{C0B622A1-3D54-48D1-9EA5-A550C38A723E}.Debug|Any CPU.ActiveCfg = Debug|Any CPU
		{C0B622A1-3D54-48D1-9EA5-A550C38A723E}.Debug|Any CPU.Build.0 = Debug|Any CPU
		{C0B622A1-3D54-48D1-9EA5-A550C38A723E}.Release|Any CPU.ActiveCfg = Release|Any CPU
		{C0B622A1-3D54-48D1-9EA5-A550C38A723E}.Release|Any CPU.Build.0 = Release|Any CPU
	EndGlobalSection
	GlobalSection(SolutionProperties) = preSolution
		HideSolutionNode = FALSE
	EndGlobalSection
	GlobalSection(NestedProjects) = preSolution
		{0F2D12F0-3C5C-4EE4-AD49-F580AE5CE5CB} = {9B9DD56E-CF29-48B6-BC48-7F8D75A37CD9}
		{C0B622A1-3D54-48D1-9EA5-A550C38A723E} = {424AC738-1CE1-46C2-AE5F-BCC63BAB307E}
	EndGlobalSection
	GlobalSection(ExtensibilityGlobals) = postSolution
		SolutionGuid = {E4DB530E-56C0-487E-A950-2332DF857246}
	EndGlobalSection
EndGlobal
